
Microsoft Visual Studio Solution File, Format Version 12.00
# Visual Studio 2013
VisualStudioVersion = 12.0.40629.0
MinimumVisualStudioVersion = 10.0.40219.1
Project("{FAE04EC0-301F-11D3-BF4B-00C04F79EFBC}") = "GenericList", "GenericList\GenericList.csproj", "{C7BA8075-5895-4139-A4BD-285B9C4F91BC}"
EndProject
Global
	GlobalSection(SolutionConfigurationPlatforms) = preSolution
		Debug|Any CPU = Debug|Any CPU
		Release|Any CPU = Release|Any CPU
	EndGlobalSection
	GlobalSection(ProjectConfigurationPlatforms) = postSolution
		{C7BA8075-5895-4139-A4BD-285B9C4F91BC}.Debug|Any CPU.ActiveCfg = Debug|Any CPU
		{C7BA8075-5895-4139-A4BD-285B9C4F91BC}.Debug|Any CPU.Build.0 = Debug|Any CPU
		{C7BA8075-5895-4139-A4BD-285B9C4F91BC}.Release|Any CPU.ActiveCfg = Release|Any CPU
		{C7BA8075-5895-4139-A4BD-285B9C4F91BC}.Release|Any CPU.Build.0 = Release|Any CPU
	EndGlobalSection
	GlobalSection(SolutionProperties) = preSolution
		HideSolutionNode = FALSE
	EndGlobalSection
EndGlobal
