
Microsoft Visual Studio Solution File, Format Version 12.00
# Visual Studio 14
VisualStudioVersion = 14.0.24720.0
MinimumVisualStudioVersion = 10.0.40219.1
Project("{FAE04EC0-301F-11D3-BF4B-00C04F79EFBC}") = "Polymorphism", "Polymorphism\Polymorphism.csproj", "{646B8E38-A232-4DAD-BB90-C2AC2B7A65AA}"
EndProject
Project("{FAE04EC0-301F-11D3-BF4B-00C04F79EFBC}") = "PolymorphismTestProject", "PolymorphismTestProject\PolymorphismTestProject.csproj", "{B399F4CE-589D-4778-A9FB-E7145F618E4A}"
EndProject
Global
	GlobalSection(SolutionConfigurationPlatforms) = preSolution
		Debug|Any CPU = Debug|Any CPU
		Release|Any CPU = Release|Any CPU
	EndGlobalSection
	GlobalSection(ProjectConfigurationPlatforms) = postSolution
		{646B8E38-A232-4DAD-BB90-C2AC2B7A65AA}.Debug|Any CPU.ActiveCfg = Debug|Any CPU
		{646B8E38-A232-4DAD-BB90-C2AC2B7A65AA}.Debug|Any CPU.Build.0 = Debug|Any CPU
		{646B8E38-A232-4DAD-BB90-C2AC2B7A65AA}.Release|Any CPU.ActiveCfg = Release|Any CPU
		{646B8E38-A232-4DAD-BB90-C2AC2B7A65AA}.Release|Any CPU.Build.0 = Release|Any CPU
		{B399F4CE-589D-4778-A9FB-E7145F618E4A}.Debug|Any CPU.ActiveCfg = Debug|Any CPU
		{B399F4CE-589D-4778-A9FB-E7145F618E4A}.Debug|Any CPU.Build.0 = Debug|Any CPU
		{B399F4CE-589D-4778-A9FB-E7145F618E4A}.Release|Any CPU.ActiveCfg = Release|Any CPU
		{B399F4CE-589D-4778-A9FB-E7145F618E4A}.Release|Any CPU.Build.0 = Release|Any CPU
	EndGlobalSection
	GlobalSection(SolutionProperties) = preSolution
		HideSolutionNode = FALSE
	EndGlobalSection
EndGlobal
