
Microsoft Visual Studio Solution File, Format Version 12.00
# Visual Studio 14
VisualStudioVersion = 14.0.24720.0
MinimumVisualStudioVersion = 10.0.40219.1
Project("{FAE04EC0-301F-11D3-BF4B-00C04F79EFBC}") = "SalaryCalculatorTestProject", "SalaryCalculatorTestProject\SalaryCalculatorTestProject.csproj", "{047F1149-5A14-4F62-974C-23DCDB736C7D}"
EndProject
Project("{FAE04EC0-301F-11D3-BF4B-00C04F79EFBC}") = "Calculator", "Calculator\Calculator.csproj", "{D17813D8-0433-4FC9-92C9-F5BA79FE7825}"
EndProject
Global
	GlobalSection(SolutionConfigurationPlatforms) = preSolution
		Debug|Any CPU = Debug|Any CPU
		Release|Any CPU = Release|Any CPU
	EndGlobalSection
	GlobalSection(ProjectConfigurationPlatforms) = postSolution
		{047F1149-5A14-4F62-974C-23DCDB736C7D}.Debug|Any CPU.ActiveCfg = Debug|Any CPU
		{047F1149-5A14-4F62-974C-23DCDB736C7D}.Debug|Any CPU.Build.0 = Debug|Any CPU
		{047F1149-5A14-4F62-974C-23DCDB736C7D}.Release|Any CPU.ActiveCfg = Release|Any CPU
		{047F1149-5A14-4F62-974C-23DCDB736C7D}.Release|Any CPU.Build.0 = Release|Any CPU
		{D17813D8-0433-4FC9-92C9-F5BA79FE7825}.Debug|Any CPU.ActiveCfg = Debug|Any CPU
		{D17813D8-0433-4FC9-92C9-F5BA79FE7825}.Debug|Any CPU.Build.0 = Debug|Any CPU
		{D17813D8-0433-4FC9-92C9-F5BA79FE7825}.Release|Any CPU.ActiveCfg = Release|Any CPU
		{D17813D8-0433-4FC9-92C9-F5BA79FE7825}.Release|Any CPU.Build.0 = Release|Any CPU
	EndGlobalSection
	GlobalSection(SolutionProperties) = preSolution
		HideSolutionNode = FALSE
	EndGlobalSection
EndGlobal
