
Microsoft Visual Studio Solution File, Format Version 12.00
# Visual Studio 2013
VisualStudioVersion = 12.0.30723.0
MinimumVisualStudioVersion = 10.0.40219.1
Project("{FAE04EC0-301F-11D3-BF4B-00C04F79EFBC}") = "VisualProperties", "VisualProperties\VisualProperties.csproj", "{B21E0FE2-AA4D-4EB7-B6E3-07CD03564875}"
EndProject
Global
	GlobalSection(SolutionConfigurationPlatforms) = preSolution
		Debug|Any CPU = Debug|Any CPU
		Release|Any CPU = Release|Any CPU
	EndGlobalSection
	GlobalSection(ProjectConfigurationPlatforms) = postSolution
		{B21E0FE2-AA4D-4EB7-B6E3-07CD03564875}.Debug|Any CPU.ActiveCfg = Debug|Any CPU
		{B21E0FE2-AA4D-4EB7-B6E3-07CD03564875}.Debug|Any CPU.Build.0 = Debug|Any CPU
		{B21E0FE2-AA4D-4EB7-B6E3-07CD03564875}.Release|Any CPU.ActiveCfg = Release|Any CPU
		{B21E0FE2-AA4D-4EB7-B6E3-07CD03564875}.Release|Any CPU.Build.0 = Release|Any CPU
	EndGlobalSection
	GlobalSection(SolutionProperties) = preSolution
		HideSolutionNode = FALSE
	EndGlobalSection
EndGlobal
